
Microsoft Visual Studio Solution File, Format Version 12.00
# Visual Studio Version 16
VisualStudioVersion = 16.0.31112.23
MinimumVisualStudioVersion = 10.0.40219.1
Project("{8BC9CEB8-8B4A-11D0-8D11-00A0C91BC942}") = "joycon", "joycon.vcxproj", "{36B928AC-F4FD-4865-A977-BB21BEEDDFC9}"
EndProject
Global
	GlobalSection(SolutionConfigurationPlatforms) = preSolution
		Debug|x64 = Debug|x64
		Release|x64 = Release|x64
	EndGlobalSection
	GlobalSection(ProjectConfigurationPlatforms) = postSolution
		{36B928AC-F4FD-4865-A977-BB21BEEDDFC9}.Debug|x64.ActiveCfg = Debug|x64
		{36B928AC-F4FD-4865-A977-BB21BEEDDFC9}.Debug|x64.Build.0 = Debug|x64
		{36B928AC-F4FD-4865-A977-BB21BEEDDFC9}.Release|x64.ActiveCfg = Release|x64
		{36B928AC-F4FD-4865-A977-BB21BEEDDFC9}.Release|x64.Build.0 = Release|x64
	EndGlobalSection
	GlobalSection(SolutionProperties) = preSolution
		HideSolutionNode = FALSE
	EndGlobalSection
	GlobalSection(ExtensibilityGlobals) = postSolution
		SolutionGuid = {9B20D1FD-D5B9-4E1A-9FC5-2AABE5AC7D47}
	EndGlobalSection
EndGlobal
